{
  "name": "reality-observatory",
  "version": "0.1.0",
  "lockfileVersion": 3,
  "requires": true,
  "packages": {
    "": {
      "name": "reality-observatory",
      "version": "0.1.0",
      "workspaces": [
        "packages/*",
        "agents/*"
      ],
      "devDependencies": {
        "typescript": "^5.5.0"
      }
    },
    "agents/_example-agent": {
      "name": "@reality-observatory/agent-example",
      "version": "0.1.0",
      "dependencies": {
        "@reality-observatory/agent-sdk": "*",
        "@reality-observatory/ontology": "*"
      }
    },
    "agents/ri-001-reference-watch": {
      "name": "@reality-observatory/ri-001-reference-watch",
      "version": "0.1.0",
      "dependencies": {
        "@reality-observatory/agent-sdk": "*",
        "@reality-observatory/correlation-engine": "*",
        "@reality-observatory/event-bus": "*",
        "@reality-observatory/ontology": "*",
        "@reality-observatory/sensor-registry": "*",
        "@reality-observatory/trust-engine": "*"
      },
      "devDependencies": {
        "@types/node": "^22.0.0",
        "typescript": "^5.5.0"
      }
    },
    "agents/ri-002-multi-sensor": {
      "name": "@reality-observatory/ri-002-multi-sensor",
      "version": "0.1.0",
      "dependencies": {
        "@reality-observatory/agent-sdk": "*",
        "@reality-observatory/correlation-engine": "*",
        "@reality-observatory/event-bus": "*",
        "@reality-observatory/ontology": "*",
        "@reality-observatory/sensor-registry": "*",
        "@reality-observatory/trust-engine": "*"
      },
      "devDependencies": {
        "@types/node": "^22.0.0",
        "typescript": "^5.5.0"
      }
    },
    "node_modules/@reality-observatory/agent-example": {
      "resolved": "agents/_example-agent",
      "link": true
    },
    "node_modules/@reality-observatory/agent-sdk": {
      "resolved": "packages/agent-sdk",
      "link": true
    },
    "node_modules/@reality-observatory/correlation-engine": {
      "resolved": "packages/correlation-engine",
      "link": true
    },
    "node_modules/@reality-observatory/event-bus": {
      "resolved": "packages/event-bus",
      "link": true
    },
    "node_modules/@reality-observatory/ontology": {
      "resolved": "packages/ontology",
      "link": true
    },
    "node_modules/@reality-observatory/ri-001-reference-watch": {
      "resolved": "agents/ri-001-reference-watch",
      "link": true
    },
    "node_modules/@reality-observatory/ri-002-multi-sensor": {
      "resolved": "agents/ri-002-multi-sensor",
      "link": true
    },
    "node_modules/@reality-observatory/sensor-registry": {
      "resolved": "packages/sensor-registry",
      "link": true
    },
    "node_modules/@reality-observatory/trust-engine": {
      "resolved": "packages/trust-engine",
      "link": true
    },
    "node_modules/@types/node": {
      "version": "22.20.1",
      "resolved": "https://registry.npmjs.org/@types/node/-/node-22.20.1.tgz",
      "integrity": "sha512-EANqOCF9QFyra+4pfxUcX9STKJpCLjMbObVzljIJomAWSnuSIEAvyzEU53GaajbXJEgdh0iEcPL+DGvpUd4k1Q==",
      "dev": true,
      "license": "MIT",
      "dependencies": {
        "undici-types": "~6.21.0"
      }
    },
    "node_modules/typescript": {
      "version": "5.9.3",
      "dev": true,
      "license": "Apache-2.0",
      "bin": {
        "tsc": "bin/tsc",
        "tsserver": "bin/tsserver"
      },
      "engines": {
        "node": ">=14.17"
      }
    },
    "node_modules/undici-types": {
      "version": "6.21.0",
      "resolved": "https://registry.npmjs.org/undici-types/-/undici-types-6.21.0.tgz",
      "integrity": "sha512-iwDZqg0QAGrg9Rav5H4n0M64c3mkR59cJ6wQp+7C4nI0gsmExaedaYLNO44eT4AtBBwjbTiGPMlt2Md0T9H9JQ==",
      "dev": true,
      "license": "MIT"
    },
    "packages/agent-sdk": {
      "name": "@reality-observatory/agent-sdk",
      "version": "0.1.0",
      "dependencies": {
        "@reality-observatory/event-bus": "*",
        "@reality-observatory/ontology": "*",
        "@reality-observatory/sensor-registry": "*",
        "@reality-observatory/trust-engine": "*"
      },
      "devDependencies": {
        "typescript": "^5.5.0"
      }
    },
    "packages/correlation-engine": {
      "name": "@reality-observatory/correlation-engine",
      "version": "0.1.0",
      "dependencies": {
        "@reality-observatory/event-bus": "*",
        "@reality-observatory/ontology": "*",
        "@reality-observatory/sensor-registry": "*",
        "@reality-observatory/trust-engine": "*"
      },
      "devDependencies": {
        "typescript": "^5.5.0"
      }
    },
    "packages/event-bus": {
      "name": "@reality-observatory/event-bus",
      "version": "0.1.0",
      "dependencies": {
        "@reality-observatory/ontology": "*"
      },
      "devDependencies": {
        "typescript": "^5.5.0"
      }
    },
    "packages/ontology": {
      "name": "@reality-observatory/ontology",
      "version": "0.1.0",
      "devDependencies": {
        "typescript": "^5.5.0"
      }
    },
    "packages/sensor-registry": {
      "name": "@reality-observatory/sensor-registry",
      "version": "0.1.0",
      "dependencies": {
        "@reality-observatory/event-bus": "*",
        "@reality-observatory/ontology": "*"
      },
      "devDependencies": {
        "typescript": "^5.5.0"
      }
    },
    "packages/trust-engine": {
      "name": "@reality-observatory/trust-engine",
      "version": "0.1.0",
      "dependencies": {
        "@reality-observatory/event-bus": "*",
        "@reality-observatory/ontology": "*"
      },
      "devDependencies": {
        "typescript": "^5.5.0"
      }
    }
  }
}
